
Microsoft Visual Studio Solution File, Format Version 12.00
# Visual Studio Version 17
VisualStudioVersion = 17.11.35312.102
MinimumVisualStudioVersion = 10.0.40219.1
Project("{FAE04EC0-301F-11D3-BF4B-00C04F79EFBC}") = "MS3DB", "MS3DB\MS3DB.csproj", "{4430E99A-0E18-4CFA-A1BE-E4B6E65C7023}"
EndProject
Global
	GlobalSection(SolutionConfigurationPlatforms) = preSolution
		Debug|Any CPU = Debug|Any CPU
		Release|Any CPU = Release|Any CPU
	EndGlobalSection
	GlobalSection(ProjectConfigurationPlatforms) = postSolution
		{4430E99A-0E18-4CFA-A1BE-E4B6E65C7023}.Debug|Any CPU.ActiveCfg = Debug|Any CPU
		{4430E99A-0E18-4CFA-A1BE-E4B6E65C7023}.Debug|Any CPU.Build.0 = Debug|Any CPU
		{4430E99A-0E18-4CFA-A1BE-E4B6E65C7023}.Release|Any CPU.ActiveCfg = Release|Any CPU
		{4430E99A-0E18-4CFA-A1BE-E4B6E65C7023}.Release|Any CPU.Build.0 = Release|Any CPU
	EndGlobalSection
	GlobalSection(SolutionProperties) = preSolution
		HideSolutionNode = FALSE
	EndGlobalSection
	GlobalSection(ExtensibilityGlobals) = postSolution
		SolutionGuid = {CAD1F50F-C48E-4FD6-8B28-DB36B4D9D5AC}
	EndGlobalSection
EndGlobal
